
Microsoft Visual Studio Solution File, Format Version 12.00
# Visual Studio Version 17
VisualStudioVersion = 17.0.31717.71
MinimumVisualStudioVersion = 10.0.40219.1
Project("{2150E333-8FDC-42A3-9474-1A3956D46DE8}") = "Solution Items", "Solution Items", "{B9338DC5-49E1-4214-AA7E-33DCCF3AE4E0}"
	ProjectSection(SolutionItems) = preProject
		.editorconfig = .editorconfig
	EndProjectSection
EndProject
Project("{2150E333-8FDC-42A3-9474-1A3956D46DE8}") = "src", "src", "{F8C6ED14-FD02-4863-B903-A46A7CB956B2}"
EndProject
Project("{9A19103F-16F7-4668-BE54-9A1E7A4F7556}") = "PerformanceTest", "performance\PerformanceTest.csproj", "{B7ED1038-7C0F-4B33-94D1-398A692E2D4D}"
EndProject
Project("{2150E333-8FDC-42A3-9474-1A3956D46DE8}") = "performance", "performance", "{04A8BDA2-B1D2-471F-974D-E4011ABFADC0}"
EndProject
Project("{9A19103F-16F7-4668-BE54-9A1E7A4F7556}") = "SimpleAPI", "src\SimpleAPI.csproj", "{0D6C3569-127F-4120-B18D-44A6450945C1}"
EndProject
Global
	GlobalSection(SolutionConfigurationPlatforms) = preSolution
		Debug|Any CPU = Debug|Any CPU
		Release|Any CPU = Release|Any CPU
	EndGlobalSection
	GlobalSection(ProjectConfigurationPlatforms) = postSolution
		{B7ED1038-7C0F-4B33-94D1-398A692E2D4D}.Debug|Any CPU.ActiveCfg = Debug|Any CPU
		{B7ED1038-7C0F-4B33-94D1-398A692E2D4D}.Debug|Any CPU.Build.0 = Debug|Any CPU
		{B7ED1038-7C0F-4B33-94D1-398A692E2D4D}.Release|Any CPU.ActiveCfg = Release|Any CPU
		{B7ED1038-7C0F-4B33-94D1-398A692E2D4D}.Release|Any CPU.Build.0 = Release|Any CPU
		{0D6C3569-127F-4120-B18D-44A6450945C1}.Debug|Any CPU.ActiveCfg = Debug|Any CPU
		{0D6C3569-127F-4120-B18D-44A6450945C1}.Debug|Any CPU.Build.0 = Debug|Any CPU
		{0D6C3569-127F-4120-B18D-44A6450945C1}.Release|Any CPU.ActiveCfg = Release|Any CPU
		{0D6C3569-127F-4120-B18D-44A6450945C1}.Release|Any CPU.Build.0 = Release|Any CPU
	EndGlobalSection
	GlobalSection(SolutionProperties) = preSolution
		HideSolutionNode = FALSE
	EndGlobalSection
	GlobalSection(NestedProjects) = preSolution
		{B7ED1038-7C0F-4B33-94D1-398A692E2D4D} = {04A8BDA2-B1D2-471F-974D-E4011ABFADC0}
		{0D6C3569-127F-4120-B18D-44A6450945C1} = {F8C6ED14-FD02-4863-B903-A46A7CB956B2}
	EndGlobalSection
	GlobalSection(ExtensibilityGlobals) = postSolution
		SolutionGuid = {224677DD-DD58-4731-85D5-A8EA3E0B5689}
	EndGlobalSection
EndGlobal
